{
  "requires": true,
  "lockfileVersion": 1,
  "dependencies": {
    "zbar.wasm": {
      "version": "2.0.3",
      "resolved": "https://registry.npmjs.org/zbar.wasm/-/zbar.wasm-2.0.3.tgz",
      "integrity": "sha512-kpdc9S4rSO9fxtuShJQMNFYDcT+sA399oXBoWfPtUvfl1ytxrVs/2aklfrBsxmFPcvrFejLb3ZlwrubTNb17xg=="
    }
  }
}
